
Microsoft Visual Studio Solution File, Format Version 12.00
# Visual Studio Version 17
VisualStudioVersion = 17.7.34221.43
MinimumVisualStudioVersion = 10.0.40219.1
Project("{FAE04EC0-301F-11D3-BF4B-00C04F79EFBC}") = "Applikation.console", "Applikation.console\Applikation.console.csproj", "{A0070795-B006-4FFA-BD4D-673185DAEEAB}"
EndProject
Project("{FAE04EC0-301F-11D3-BF4B-00C04F79EFBC}") = "Applikation.Tests", "Applikation.Tests\Applikation.Tests.csproj", "{F5C1996B-7EBD-4CF3-8938-D4C32C4BE487}"
EndProject
Global
	GlobalSection(SolutionConfigurationPlatforms) = preSolution
		Debug|Any CPU = Debug|Any CPU
		Release|Any CPU = Release|Any CPU
	EndGlobalSection
	GlobalSection(ProjectConfigurationPlatforms) = postSolution
		{A0070795-B006-4FFA-BD4D-673185DAEEAB}.Debug|Any CPU.ActiveCfg = Debug|Any CPU
		{A0070795-B006-4FFA-BD4D-673185DAEEAB}.Debug|Any CPU.Build.0 = Debug|Any CPU
		{A0070795-B006-4FFA-BD4D-673185DAEEAB}.Release|Any CPU.ActiveCfg = Release|Any CPU
		{A0070795-B006-4FFA-BD4D-673185DAEEAB}.Release|Any CPU.Build.0 = Release|Any CPU
		{F5C1996B-7EBD-4CF3-8938-D4C32C4BE487}.Debug|Any CPU.ActiveCfg = Debug|Any CPU
		{F5C1996B-7EBD-4CF3-8938-D4C32C4BE487}.Debug|Any CPU.Build.0 = Debug|Any CPU
		{F5C1996B-7EBD-4CF3-8938-D4C32C4BE487}.Release|Any CPU.ActiveCfg = Release|Any CPU
		{F5C1996B-7EBD-4CF3-8938-D4C32C4BE487}.Release|Any CPU.Build.0 = Release|Any CPU
	EndGlobalSection
	GlobalSection(SolutionProperties) = preSolution
		HideSolutionNode = FALSE
	EndGlobalSection
	GlobalSection(ExtensibilityGlobals) = postSolution
		SolutionGuid = {04150D8E-68D4-4836-8ABD-ABCC0AFCCB3F}
	EndGlobalSection
EndGlobal
